// !$*UTF8*$!
{
	archiveVersion = 1;
	classes = {
	};
	objectVersion = 56;
	objects = {

/* Begin PBXBuildFile section */
		111111112222222233333331 /* AdminDashboardView.swift in Sources */ = {isa = PBXBuildFile; fileRef = 222222223333333344444441 /* AdminDashboardView.swift */; };
		111111112222222233333332 /* AuthViews.swift in Sources */ = {isa = PBXBuildFile; fileRef = 222222223333333344444442 /* AuthViews.swift */; };
		111111112222222233333333 /* ContentView.swift in Sources */ = {isa = PBXBuildFile; fileRef = 222222223333333344444443 /* ContentView.swift */; };
		111111112222222233333334 /* CustomerAndSuperAdminViews.swift in Sources */ = {isa = PBXBuildFile; fileRef = 222222223333333344444444 /* CustomerAndSuperAdminViews.swift */; };
		111111112222222233333335 /* Models.swift in Sources */ = {isa = PBXBuildFile; fileRef = 222222223333333344444445 /* Models.swift */; };
		111111112222222233333336 /* PublicHomeView.swift in Sources */ = {isa = PBXBuildFile; fileRef = 222222223333333344444446 /* PublicHomeView.swift */; };
		111111112222222233333337 /* Theme.swift in Sources */ = {isa = PBXBuildFile; fileRef = 222222223333333344444447 /* Theme.swift */; };
		111111112222222233333338 /* AppleAuthHelper.swift in Sources */ = {isa = PBXBuildFile; fileRef = 222222223333333344444448 /* AppleAuthHelper.swift */; };
		111111112222222233333339 /* GoogleAuthHelper.swift in Sources */ = {isa = PBXBuildFile; fileRef = 222222223333333344444449 /* GoogleAuthHelper.swift */; };
		111111112222222233333340 /* Assets.xcassets in Resources */ = {isa = PBXBuildFile; fileRef = 222222223333333344444450 /* Assets.xcassets */; };
		111111112222222233333341 /* SearchBarView.swift in Sources */ = {isa = PBXBuildFile; fileRef = 222222223333333344444451 /* SearchBarView.swift */; };
		111111112222222233333342 /* BusinessCardView.swift in Sources */ = {isa = PBXBuildFile; fileRef = 222222223333333344444452 /* BusinessCardView.swift */; };
		111111112222222233333343 /* ServicesSheetView.swift in Sources */ = {isa = PBXBuildFile; fileRef = 222222223333333344444453 /* ServicesSheetView.swift */; };
		111111112222222233333344 /* OnboardingWizardView.swift in Sources */ = {isa = PBXBuildFile; fileRef = 222222223333333344444454 /* OnboardingWizardView.swift */; };
		111111112222222233333345 /* PublicBusinessWebsiteView.swift in Sources */ = {isa = PBXBuildFile; fileRef = 222222223333333344444455 /* PublicBusinessWebsiteView.swift */; };
		111111112222222233333346 /* ReviewManagementView.swift in Sources */ = {isa = PBXBuildFile; fileRef = 222222223333333344444456 /* ReviewManagementView.swift */; };
		111111112222222233333347 /* WebsiteBuilderView.swift in Sources */ = {isa = PBXBuildFile; fileRef = 222222223333333344444457 /* WebsiteBuilderView.swift */; };
		111111112222222233333348 /* LocationsView.swift in Sources */ = {isa = PBXBuildFile; fileRef = 222222223333333344444458 /* LocationsView.swift */; };
		111111112222222233333353 /* ProductsAndServicesView.swift in Sources */ = {isa = PBXBuildFile; fileRef = 222222223333333344444463 /* ProductsAndServicesView.swift */; };
		111111112222222233333349 /* PrivacyAndTermsView.swift in Sources */ = {isa = PBXBuildFile; fileRef = 222222223333333344444459 /* PrivacyAndTermsView.swift */; };
		111111112222222233333360 /* CustomerDashboardView.swift in Sources */ = {isa = PBXBuildFile; fileRef = 222222223333333344444470 /* CustomerDashboardView.swift */; };
		111111112222222233333361 /* SuperAdminConsoleView.swift in Sources */ = {isa = PBXBuildFile; fileRef = 222222223333333344444471 /* SuperAdminConsoleView.swift */; };
		999999998888888877777772 /* GoogleSignIn in Frameworks */ = {isa = PBXBuildFile; productRef = 999999998888888877777771 /* GoogleSignIn */; };
/* End PBXBuildFile section */

/* Begin PBXFileReference section */
		000000000000000000000001 /* ManaCity.app */ = {isa = PBXFileReference; explicitFileType = wrapper.application; includeInIndex = 0; path = ManaCity.app; sourceTree = BUILT_PRODUCTS_DIR; };
		222222223333333344444441 /* AdminDashboardView.swift */ = {isa = PBXFileReference; lastKnownFileType = sourcecode.swift; path = AdminDashboardView.swift; sourceTree = "<group>"; };
		222222223333333344444442 /* AuthViews.swift */ = {isa = PBXFileReference; lastKnownFileType = sourcecode.swift; path = AuthViews.swift; sourceTree = "<group>"; };
		222222223333333344444443 /* ContentView.swift */ = {isa = PBXFileReference; lastKnownFileType = sourcecode.swift; path = ContentView.swift; sourceTree = "<group>"; };
		222222223333333344444445 /* Models.swift */ = {isa = PBXFileReference; lastKnownFileType = sourcecode.swift; path = Models.swift; sourceTree = "<group>"; };
		222222223333333344444446 /* PublicHomeView.swift */ = {isa = PBXFileReference; lastKnownFileType = sourcecode.swift; path = PublicHomeView.swift; sourceTree = "<group>"; };
		222222223333333344444447 /* Theme.swift */ = {isa = PBXFileReference; lastKnownFileType = sourcecode.swift; path = Theme.swift; sourceTree = "<group>"; };
		222222223333333344444448 /* AppleAuthHelper.swift */ = {isa = PBXFileReference; lastKnownFileType = sourcecode.swift; path = AppleAuthHelper.swift; sourceTree = "<group>"; };
		222222223333333344444449 /* GoogleAuthHelper.swift */ = {isa = PBXFileReference; lastKnownFileType = sourcecode.swift; path = GoogleAuthHelper.swift; sourceTree = "<group>"; };
		222222223333333344444450 /* Assets.xcassets */ = {isa = PBXFileReference; lastKnownFileType = folder.assetcatalog; path = Assets.xcassets; sourceTree = "<group>"; };
		222222223333333344444451 /* SearchBarView.swift */ = {isa = PBXFileReference; lastKnownFileType = sourcecode.swift; path = SearchBarView.swift; sourceTree = "<group>"; };
		222222223333333344444452 /* BusinessCardView.swift */ = {isa = PBXFileReference; lastKnownFileType = sourcecode.swift; path = BusinessCardView.swift; sourceTree = "<group>"; };
		222222223333333344444453 /* ServicesSheetView.swift */ = {isa = PBXFileReference; lastKnownFileType = sourcecode.swift; path = ServicesSheetView.swift; sourceTree = "<group>"; };
		222222223333333344444454 /* OnboardingWizardView.swift */ = {isa = PBXFileReference; lastKnownFileType = sourcecode.swift; path = OnboardingWizardView.swift; sourceTree = "<group>"; };
		222222223333333344444455 /* PublicBusinessWebsiteView.swift */ = {isa = PBXFileReference; lastKnownFileType = sourcecode.swift; path = PublicBusinessWebsiteView.swift; sourceTree = "<group>"; };
		222222223333333344444456 /* ReviewManagementView.swift */ = {isa = PBXFileReference; lastKnownFileType = sourcecode.swift; path = ReviewManagementView.swift; sourceTree = "<group>"; };
		222222223333333344444457 /* WebsiteBuilderView.swift */ = {isa = PBXFileReference; lastKnownFileType = sourcecode.swift; path = WebsiteBuilderView.swift; sourceTree = "<group>"; };
		222222223333333344444458 /* LocationsView.swift */ = {isa = PBXFileReference; lastKnownFileType = sourcecode.swift; path = LocationsView.swift; sourceTree = "<group>"; };
		222222223333333344444463 /* ProductsAndServicesView.swift */ = {isa = PBXFileReference; lastKnownFileType = sourcecode.swift; path = ProductsAndServicesView.swift; sourceTree = "<group>"; };
		222222223333333344444459 /* PrivacyAndTermsView.swift */ = {isa = PBXFileReference; lastKnownFileType = sourcecode.swift; path = PrivacyAndTermsView.swift; sourceTree = "<group>"; };
		222222223333333344444470 /* CustomerDashboardView.swift */ = {isa = PBXFileReference; lastKnownFileType = sourcecode.swift; path = CustomerDashboardView.swift; sourceTree = "<group>"; };
		222222223333333344444471 /* SuperAdminConsoleView.swift */ = {isa = PBXFileReference; lastKnownFileType = sourcecode.swift; path = SuperAdminConsoleView.swift; sourceTree = "<group>"; };
/* End PBXFileReference section */

/* Begin PBXFrameworksBuildPhase section */
		666666667777777788888882 /* Frameworks */ = {
			isa = PBXFrameworksBuildPhase;
			buildActionMask = 2147483647;
			files = (
				999999998888888877777772 /* GoogleSignIn in Frameworks */,
			);
			runOnlyForDeploymentPostprocessing = 0;
		};
/* End PBXFrameworksBuildPhase section */

/* Begin PBXGroup section */
		333333334444444455555551 = {
			isa = PBXGroup;
			children = (
				333333334444444455555552 /* ManaCity */,
				333333334444444455555553 /* Products */,
			);
			sourceTree = "<group>";
		};
		333333334444444455555552 /* ManaCity */ = {
			isa = PBXGroup;
			children = (
				222222223333333344444441 /* AdminDashboardView.swift */,
				222222223333333344444442 /* AuthViews.swift */,
				222222223333333344444443 /* ContentView.swift */,
				222222223333333344444444 /* CustomerAndSuperAdminViews.swift */,
				222222223333333344444445 /* Models.swift */,
				222222223333333344444446 /* PublicHomeView.swift */,
				222222223333333344444447 /* Theme.swift */,
				222222223333333344444448 /* AppleAuthHelper.swift */,
				222222223333333344444449 /* GoogleAuthHelper.swift */,
				222222223333333344444450 /* Assets.xcassets */,
				222222223333333344444451 /* SearchBarView.swift */,
				222222223333333344444452 /* BusinessCardView.swift */,
				222222223333333344444453 /* ServicesSheetView.swift */,
				222222223333333344444454 /* OnboardingWizardView.swift */,
				222222223333333344444455 /* PublicBusinessWebsiteView.swift */,
				222222223333333344444456 /* ReviewManagementView.swift */,
				222222223333333344444457 /* WebsiteBuilderView.swift */,
				222222223333333344444458 /* LocationsView.swift */,
				222222223333333344444463 /* ProductsAndServicesView.swift */,
				222222223333333344444459 /* PrivacyAndTermsView.swift */,
				222222223333333344444470 /* CustomerDashboardView.swift */,
				222222223333333344444471 /* SuperAdminConsoleView.swift */,
			);
			path = ManaCity;
			sourceTree = "<group>";
		};
		333333334444444455555553 /* Products */ = {
			isa = PBXGroup;
			children = (
				000000000000000000000001 /* ManaCity.app */,
			);
			name = Products;
			sourceTree = "<group>";
		};
/* End PBXGroup section */

/* Begin PBXNativeTarget section */
		444444445555555566666661 /* ManaCity */ = {
			isa = PBXNativeTarget;
			buildConfigurationList = 555555556666666677777771 /* Build configuration list for PBXNativeTarget "ManaCity" */;
			buildPhases = (
				666666667777777788888881 /* Sources */,
				666666667777777788888882 /* Frameworks */,
				666666667777777788888883 /* Resources */,
			);
			buildRules = (
			);
			dependencies = (
			);
			name = ManaCity;
			packageProductDependencies = (
				999999998888888877777771 /* GoogleSignIn */,
			);
			productName = ManaCity;
			productReference = 000000000000000000000001 /* ManaCity.app */;
			productType = "com.apple.product-type.application";
		};
/* End PBXNativeTarget section */

/* Begin PBXProject section */
		555555556666666677777772 /* Project object */ = {
			isa = PBXProject;
			attributes = {
				BuildIndependentTargetsInParallel = 1;
				LastUpgradeCheck = 1500;
				TargetAttributes = {
					444444445555555566666661 = {
						CreatedOnToolsVersion = 15.0;
						DevelopmentTeam = UDYR7AUVZ7;
					};
				};
			};
			buildConfigurationList = 555555556666666677777773 /* Build configuration list for PBXProject "ManaCity" */;
			compatibilityVersion = "Xcode 14.0";
			developmentRegion = en;
			hasScannedForEncodings = 0;
			knownRegions = (
				en,
				Base,
			);
			mainGroup = 333333334444444455555551;
			productRefGroup = 333333334444444455555553 /* Products */;
			projectDirPath = "";
			projectRoot = "";
			packageReferences = (
				888888887777777766666661 /* XCRemoteSwiftPackageReference "GoogleSignIn-iOS" */,
			);
			targets = (
				444444445555555566666661 /* ManaCity */,
			);
		};
/* End PBXProject section */

/* Begin PBXResourcesBuildPhase section */
		666666667777777788888883 /* Resources */ = {
			isa = PBXResourcesBuildPhase;
			buildActionMask = 2147483647;
			files = (
				111111112222222233333340 /* Assets.xcassets in Resources */,
			);
			runOnlyForDeploymentPostprocessing = 0;
		};
/* End PBXResourcesBuildPhase section */

/* Begin PBXSourcesBuildPhase section */
		666666667777777788888881 /* Sources */ = {
			isa = PBXSourcesBuildPhase;
			buildActionMask = 2147483647;
			files = (
				111111112222222233333331 /* AdminDashboardView.swift in Sources */,
				111111112222222233333332 /* AuthViews.swift in Sources */,
				111111112222222233333333 /* ContentView.swift in Sources */,
				111111112222222233333335 /* Models.swift in Sources */,
				111111112222222233333336 /* PublicHomeView.swift in Sources */,
				111111112222222233333337 /* Theme.swift in Sources */,
				111111112222222233333338 /* AppleAuthHelper.swift in Sources */,
				111111112222222233333339 /* GoogleAuthHelper.swift in Sources */,
				111111112222222233333341 /* SearchBarView.swift in Sources */,
				111111112222222233333342 /* BusinessCardView.swift in Sources */,
				111111112222222233333343 /* ServicesSheetView.swift in Sources */,
				111111112222222233333344 /* OnboardingWizardView.swift in Sources */,
				111111112222222233333345 /* PublicBusinessWebsiteView.swift in Sources */,
				111111112222222233333346 /* ReviewManagementView.swift in Sources */,
				111111112222222233333347 /* WebsiteBuilderView.swift in Sources */,
				111111112222222233333348 /* LocationsView.swift in Sources */,
				111111112222222233333353 /* ProductsAndServicesView.swift in Sources */,
				111111112222222233333349 /* PrivacyAndTermsView.swift in Sources */,
				111111112222222233333360 /* CustomerDashboardView.swift in Sources */,
				111111112222222233333361 /* SuperAdminConsoleView.swift in Sources */,
			);
			runOnlyForDeploymentPostprocessing = 0;
		};
/* End PBXSourcesBuildPhase section */

/* Begin XCRemoteSwiftPackageReference section */
		888888887777777766666661 /* XCRemoteSwiftPackageReference "GoogleSignIn-iOS" */ = {
			isa = XCRemoteSwiftPackageReference;
			repositoryURL = "https://github.com/google/GoogleSignIn-iOS";
			requirement = {
				kind = upToNextMajorVersion;
				minimumVersion = "7.0.0";
			};
		};
/* End XCRemoteSwiftPackageReference section */

/* Begin XCSwiftPackageProductDependency section */
		999999998888888877777771 /* GoogleSignIn */ = {
			isa = XCSwiftPackageProductDependency;
			productName = GoogleSignIn;
		};
/* End XCSwiftPackageProductDependency section */

/* Begin XCBuildConfiguration section */
		777777778888888899999991 /* Debug */ = {
			isa = XCBuildConfiguration;
			buildSettings = {
				ALWAYS_SEARCH_USER_PATHS = NO;
				CLANG_ENABLE_MODULES = YES;
				CODE_SIGN_STYLE = Automatic;
				CURRENT_PROJECT_VERSION = 1;
				DEVELOPMENT_TEAM = UDYR7AUVZ7;
				GENERATE_INFOPLIST_FILE = YES;
				INFOPLIST_FILE = ManaCity/Info.plist;
				INFOPLIST_KEY_UIApplicationSceneManifest_Generation = YES;
				INFOPLIST_KEY_UILaunchScreen_Generation = YES;
				IPHONEOS_DEPLOYMENT_TARGET = 16.0;
				MARKETING_VERSION = 1.0;
				PRODUCT_BUNDLE_IDENTIFIER = com.manacity.app;
				PRODUCT_NAME = "$(TARGET_NAME)";
				SWIFT_VERSION = 5.0;
				TARGETED_DEVICE_FAMILY = "1,2";
			};
			name = Debug;
		};
		777777778888888899999992 /* Release */ = {
			isa = XCBuildConfiguration;
			buildSettings = {
				ALWAYS_SEARCH_USER_PATHS = NO;
				CLANG_ENABLE_MODULES = YES;
				CODE_SIGN_STYLE = Automatic;
				CURRENT_PROJECT_VERSION = 1;
				DEVELOPMENT_TEAM = UDYR7AUVZ7;
				GENERATE_INFOPLIST_FILE = YES;
				INFOPLIST_FILE = ManaCity/Info.plist;
				INFOPLIST_KEY_UIApplicationSceneManifest_Generation = YES;
				INFOPLIST_KEY_UILaunchScreen_Generation = YES;
				IPHONEOS_DEPLOYMENT_TARGET = 16.0;
				MARKETING_VERSION = 1.0;
				PRODUCT_BUNDLE_IDENTIFIER = com.manacity.app;
				PRODUCT_NAME = "$(TARGET_NAME)";
				SWIFT_VERSION = 5.0;
				TARGETED_DEVICE_FAMILY = "1,2";
			};
			name = Release;
		};
		777777778888888899999993 /* Debug */ = {
			isa = XCBuildConfiguration;
			buildSettings = {
				ALWAYS_SEARCH_USER_PATHS = NO;
				DEVELOPMENT_TEAM = UDYR7AUVZ7;
				IPHONEOS_DEPLOYMENT_TARGET = 16.0;
				SDKROOT = iphoneos;
			};
			name = Debug;
		};
		777777778888888899999994 /* Release */ = {
			isa = XCBuildConfiguration;
			buildSettings = {
				ALWAYS_SEARCH_USER_PATHS = NO;
				DEVELOPMENT_TEAM = UDYR7AUVZ7;
				IPHONEOS_DEPLOYMENT_TARGET = 16.0;
				SDKROOT = iphoneos;
			};
			name = Release;
		};
/* End XCBuildConfiguration section */

/* Begin XCConfigurationList section */
		555555556666666677777771 /* Build configuration list for PBXNativeTarget "ManaCity" */ = {
			isa = XCConfigurationList;
			buildConfigurations = (
				777777778888888899999991 /* Debug */,
				777777778888888899999992 /* Release */,
			);
			defaultConfigurationIsVisible = 0;
			defaultConfigurationName = Release;
		};
		555555556666666677777773 /* Build configuration list for PBXProject "ManaCity" */ = {
			isa = XCConfigurationList;
			buildConfigurations = (
				777777778888888899999993 /* Debug */,
				777777778888888899999994 /* Release */,
			);
			defaultConfigurationIsVisible = 0;
			defaultConfigurationName = Release;
		};
/* End XCConfigurationList section */
	};
	rootObject = 555555556666666677777772 /* Project object */;
}
